
Microsoft Visual Studio Solution File, Format Version 12.00
# Visual Studio Version 17
VisualStudioVersion = 17.7.34031.279
MinimumVisualStudioVersion = 10.0.40219.1
Project("{FAE04EC0-301F-11D3-BF4B-00C04F79EFBC}") = "tarea 2 ejercicio 3", "tarea 2 ejercicio 3\tarea 2 ejercicio 3.csproj", "{55660794-9B63-4F83-BC00-EE5C7C9A0568}"
EndProject
Global
	GlobalSection(SolutionConfigurationPlatforms) = preSolution
		Debug|Any CPU = Debug|Any CPU
		Release|Any CPU = Release|Any CPU
	EndGlobalSection
	GlobalSection(ProjectConfigurationPlatforms) = postSolution
		{55660794-9B63-4F83-BC00-EE5C7C9A0568}.Debug|Any CPU.ActiveCfg = Debug|Any CPU
		{55660794-9B63-4F83-BC00-EE5C7C9A0568}.Debug|Any CPU.Build.0 = Debug|Any CPU
		{55660794-9B63-4F83-BC00-EE5C7C9A0568}.Release|Any CPU.ActiveCfg = Release|Any CPU
		{55660794-9B63-4F83-BC00-EE5C7C9A0568}.Release|Any CPU.Build.0 = Release|Any CPU
	EndGlobalSection
	GlobalSection(SolutionProperties) = preSolution
		HideSolutionNode = FALSE
	EndGlobalSection
	GlobalSection(ExtensibilityGlobals) = postSolution
		SolutionGuid = {2A1CAA6B-F61C-4F93-A877-A7DCD0C26787}
	EndGlobalSection
EndGlobal
